
Microsoft Visual Studio Solution File, Format Version 12.00
# Visual Studio Version 17
VisualStudioVersion = 17.4.33213.308
MinimumVisualStudioVersion = 10.0.40219.1
Project("{FAE04EC0-301F-11D3-BF4B-00C04F79EFBC}") = "Sales-Data-Processing", "Sales-Data-Processing\Sales-Data-Processing.csproj", "{CFC869A4-7F40-407F-8B1C-26A8002CDE0B}"
EndProject
Global
	GlobalSection(SolutionConfigurationPlatforms) = preSolution
		Debug|Any CPU = Debug|Any CPU
		Release|Any CPU = Release|Any CPU
	EndGlobalSection
	GlobalSection(ProjectConfigurationPlatforms) = postSolution
		{CFC869A4-7F40-407F-8B1C-26A8002CDE0B}.Debug|Any CPU.ActiveCfg = Debug|Any CPU
		{CFC869A4-7F40-407F-8B1C-26A8002CDE0B}.Debug|Any CPU.Build.0 = Debug|Any CPU
		{CFC869A4-7F40-407F-8B1C-26A8002CDE0B}.Release|Any CPU.ActiveCfg = Release|Any CPU
		{CFC869A4-7F40-407F-8B1C-26A8002CDE0B}.Release|Any CPU.Build.0 = Release|Any CPU
	EndGlobalSection
	GlobalSection(SolutionProperties) = preSolution
		HideSolutionNode = FALSE
	EndGlobalSection
	GlobalSection(ExtensibilityGlobals) = postSolution
		SolutionGuid = {4E9E5A71-60EA-4E00-8F2F-72480EEE34A5}
	EndGlobalSection
EndGlobal
